
Microsoft Visual Studio Solution File, Format Version 12.00
# Visual Studio Version 17
VisualStudioVersion = 17.0.32112.339
MinimumVisualStudioVersion = 10.0.40219.1
Project("{8BC9CEB8-8B4A-11D0-8D11-00A0C91BC942}") = "COEN244_FINAL PROJECT", "COEN244_FINAL PROJECT\COEN244_FINAL PROJECT.vcxproj", "{AA6BE69B-17D3-44A1-A075-2E1FA0947E6B}"
EndProject
Global
	GlobalSection(SolutionConfigurationPlatforms) = preSolution
		Debug|x64 = Debug|x64
		Debug|x86 = Debug|x86
		Release|x64 = Release|x64
		Release|x86 = Release|x86
	EndGlobalSection
	GlobalSection(ProjectConfigurationPlatforms) = postSolution
		{AA6BE69B-17D3-44A1-A075-2E1FA0947E6B}.Debug|x64.ActiveCfg = Debug|x64
		{AA6BE69B-17D3-44A1-A075-2E1FA0947E6B}.Debug|x64.Build.0 = Debug|x64
		{AA6BE69B-17D3-44A1-A075-2E1FA0947E6B}.Debug|x86.ActiveCfg = Debug|Win32
		{AA6BE69B-17D3-44A1-A075-2E1FA0947E6B}.Debug|x86.Build.0 = Debug|Win32
		{AA6BE69B-17D3-44A1-A075-2E1FA0947E6B}.Release|x64.ActiveCfg = Release|x64
		{AA6BE69B-17D3-44A1-A075-2E1FA0947E6B}.Release|x64.Build.0 = Release|x64
		{AA6BE69B-17D3-44A1-A075-2E1FA0947E6B}.Release|x86.ActiveCfg = Release|Win32
		{AA6BE69B-17D3-44A1-A075-2E1FA0947E6B}.Release|x86.Build.0 = Release|Win32
	EndGlobalSection
	GlobalSection(SolutionProperties) = preSolution
		HideSolutionNode = FALSE
	EndGlobalSection
	GlobalSection(ExtensibilityGlobals) = postSolution
		SolutionGuid = {6FED410F-B53E-43CF-A5FE-117CF9437A54}
	EndGlobalSection
EndGlobal
